
Microsoft Visual Studio Solution File, Format Version 12.00
# Visual Studio Version 17
VisualStudioVersion = 17.0.31912.275
MinimumVisualStudioVersion = 10.0.40219.1
Project("{9A19103F-16F7-4668-BE54-9A1E7A4F7556}") = "ChelseaApp", "ChelseaApp\ChelseaApp.csproj", "{331BE246-F90E-46BC-95CD-D88135BC9926}"
EndProject
Project("{FAE04EC0-301F-11D3-BF4B-00C04F79EFBC}") = "Chelsea.Repository", "Chelsea.Repository\Chelsea.Repository.csproj", "{864CC5B2-F514-4819-B24A-7F9576AE4D34}"
EndProject
Global
	GlobalSection(SolutionConfigurationPlatforms) = preSolution
		Debug|Any CPU = Debug|Any CPU
		Release|Any CPU = Release|Any CPU
	EndGlobalSection
	GlobalSection(ProjectConfigurationPlatforms) = postSolution
		{331BE246-F90E-46BC-95CD-D88135BC9926}.Debug|Any CPU.ActiveCfg = Debug|Any CPU
		{331BE246-F90E-46BC-95CD-D88135BC9926}.Debug|Any CPU.Build.0 = Debug|Any CPU
		{331BE246-F90E-46BC-95CD-D88135BC9926}.Release|Any CPU.ActiveCfg = Release|Any CPU
		{331BE246-F90E-46BC-95CD-D88135BC9926}.Release|Any CPU.Build.0 = Release|Any CPU
		{864CC5B2-F514-4819-B24A-7F9576AE4D34}.Debug|Any CPU.ActiveCfg = Debug|Any CPU
		{864CC5B2-F514-4819-B24A-7F9576AE4D34}.Debug|Any CPU.Build.0 = Debug|Any CPU
		{864CC5B2-F514-4819-B24A-7F9576AE4D34}.Release|Any CPU.ActiveCfg = Release|Any CPU
		{864CC5B2-F514-4819-B24A-7F9576AE4D34}.Release|Any CPU.Build.0 = Release|Any CPU
	EndGlobalSection
	GlobalSection(SolutionProperties) = preSolution
		HideSolutionNode = FALSE
	EndGlobalSection
	GlobalSection(ExtensibilityGlobals) = postSolution
		SolutionGuid = {597D0B47-1BB7-4B93-A996-E4A609BD0B1E}
	EndGlobalSection
EndGlobal
